
Microsoft Visual Studio Solution File, Format Version 12.00
# Visual Studio Version 16
VisualStudioVersion = 16.0.30804.86
MinimumVisualStudioVersion = 10.0.40219.1
Project("{FAE04EC0-301F-11D3-BF4B-00C04F79EFBC}") = "TypeRacerUtils", "TypeRacerUtils\TypeRacerUtils.csproj", "{A044BF3B-8455-4EE1-B5D7-24DD91D27794}"
EndProject
Global
	GlobalSection(SolutionConfigurationPlatforms) = preSolution
		Debug|Any CPU = Debug|Any CPU
		Release|Any CPU = Release|Any CPU
	EndGlobalSection
	GlobalSection(ProjectConfigurationPlatforms) = postSolution
		{A044BF3B-8455-4EE1-B5D7-24DD91D27794}.Debug|Any CPU.ActiveCfg = Debug|Any CPU
		{A044BF3B-8455-4EE1-B5D7-24DD91D27794}.Debug|Any CPU.Build.0 = Debug|Any CPU
		{A044BF3B-8455-4EE1-B5D7-24DD91D27794}.Release|Any CPU.ActiveCfg = Release|Any CPU
		{A044BF3B-8455-4EE1-B5D7-24DD91D27794}.Release|Any CPU.Build.0 = Release|Any CPU
	EndGlobalSection
	GlobalSection(SolutionProperties) = preSolution
		HideSolutionNode = FALSE
	EndGlobalSection
	GlobalSection(ExtensibilityGlobals) = postSolution
		SolutionGuid = {780AD42A-D2ED-4303-A192-F6506B26F044}
	EndGlobalSection
EndGlobal
